
Microsoft Visual Studio Solution File, Format Version 12.00
# Visual Studio 14
VisualStudioVersion = 14.0.25420.1
MinimumVisualStudioVersion = 10.0.40219.1
Project("{2150E333-8FDC-42A3-9474-1A3956D46DE8}") = "src", "src", "{669280CD-93EC-42B9-8331-A0A7FA19CFE6}"
EndProject
Project("{2150E333-8FDC-42A3-9474-1A3956D46DE8}") = "Solution Items", "Solution Items", "{7AE0826B-29BA-4438-B3A0-032C94BFF93D}"
	ProjectSection(SolutionItems) = preProject
		global.json = global.json
	EndProjectSection
EndProject
Project("{8BB2217D-0F2D-49D1-97BC-3654ED321F3B}") = "garply", "src\garply\garply.xproj", "{0DAE42B1-AC64-4F45-8321-456A73F12D2E}"
EndProject
Project("{8BB2217D-0F2D-49D1-97BC-3654ED321F3B}") = "garplyc", "src\garplyc\garplyc.xproj", "{85C2E505-D90E-4B14-90CD-B33B84C4889C}"
EndProject
Project("{8BB2217D-0F2D-49D1-97BC-3654ED321F3B}") = "garplylib", "src\garplylib\garplylib.xproj", "{7D1183F2-C504-4FBE-80DB-3C25C960D2DD}"
EndProject
Global
	GlobalSection(SolutionConfigurationPlatforms) = preSolution
		Debug|Any CPU = Debug|Any CPU
		Release|Any CPU = Release|Any CPU
	EndGlobalSection
	GlobalSection(ProjectConfigurationPlatforms) = postSolution
		{0DAE42B1-AC64-4F45-8321-456A73F12D2E}.Debug|Any CPU.ActiveCfg = Debug|Any CPU
		{0DAE42B1-AC64-4F45-8321-456A73F12D2E}.Debug|Any CPU.Build.0 = Debug|Any CPU
		{0DAE42B1-AC64-4F45-8321-456A73F12D2E}.Release|Any CPU.ActiveCfg = Release|Any CPU
		{0DAE42B1-AC64-4F45-8321-456A73F12D2E}.Release|Any CPU.Build.0 = Release|Any CPU
		{85C2E505-D90E-4B14-90CD-B33B84C4889C}.Debug|Any CPU.ActiveCfg = Debug|Any CPU
		{85C2E505-D90E-4B14-90CD-B33B84C4889C}.Debug|Any CPU.Build.0 = Debug|Any CPU
		{85C2E505-D90E-4B14-90CD-B33B84C4889C}.Release|Any CPU.ActiveCfg = Release|Any CPU
		{85C2E505-D90E-4B14-90CD-B33B84C4889C}.Release|Any CPU.Build.0 = Release|Any CPU
		{7D1183F2-C504-4FBE-80DB-3C25C960D2DD}.Debug|Any CPU.ActiveCfg = Debug|Any CPU
		{7D1183F2-C504-4FBE-80DB-3C25C960D2DD}.Debug|Any CPU.Build.0 = Debug|Any CPU
		{7D1183F2-C504-4FBE-80DB-3C25C960D2DD}.Release|Any CPU.ActiveCfg = Release|Any CPU
		{7D1183F2-C504-4FBE-80DB-3C25C960D2DD}.Release|Any CPU.Build.0 = Release|Any CPU
	EndGlobalSection
	GlobalSection(SolutionProperties) = preSolution
		HideSolutionNode = FALSE
	EndGlobalSection
	GlobalSection(NestedProjects) = preSolution
		{0DAE42B1-AC64-4F45-8321-456A73F12D2E} = {669280CD-93EC-42B9-8331-A0A7FA19CFE6}
		{85C2E505-D90E-4B14-90CD-B33B84C4889C} = {669280CD-93EC-42B9-8331-A0A7FA19CFE6}
		{7D1183F2-C504-4FBE-80DB-3C25C960D2DD} = {669280CD-93EC-42B9-8331-A0A7FA19CFE6}
	EndGlobalSection
EndGlobal
